github.com/aws/aws-cryptographic-material-providers-library/releases/go/dynamodb v0.2.2 h1:1CYvKblXRaPB9B0cdN/xWVOXvii2AQHgdcbTlI5F8Oc=
github.com/aws/aws-cryptographic-material-providers-library/releases/go/dynamodb v0.2.2/go.mod h1:vb/jlzf5XQSD5O3Po50VX6j6JyzcWs3wPoV7foewmJs=
github.com/aws/aws-cryptographic-material-providers-library/releases/go/kms v0.2.2 h1:0x9qTjQeW8fkP+/kuRw2drLDZM617rr8h6kcUetBjKE=
github.com/aws/aws-cryptographic-material-providers-library/releases/go/kms v0.2.2/go.mod h1:2wGHS+a/Dg21W3cnFDYbOu33d6eQUS52Ff/uAE2vIu8=
github.com/aws/aws-cryptographic-material-providers-library/releases/go/mpl v0.2.2 h1:gXYtIJfwt+5gOmo7zg/TDb0l1cz5XgnWR0/opB0OyyA=
github.com/aws/aws-cryptographic-material-providers-library/releases/go/mpl v0.2.2/go.mod h1:9yccmncslXtxhE4vyg1ZKaTWEe5xyNljrt3glFtMN4g=
github.com/aws/aws-cryptographic-material-providers-library/releases/go/primitives v0.2.2 h1:tBPXcmQVmf0ILx5eY++l64+yp04AFlHeKqpli0YDQBc=
github.com/aws/aws-cryptographic-material-providers-library/releases/go/primitives v0.2.2/go.mod h1:mSUejB7V5Wo23naCw2ORAJ+5ZJkyaSvB6hQbKPVXNuA=
github.com/aws/aws-cryptographic-material-providers-library/releases/go/smithy-dafny-standard-library v0.2.2 h1:k/OqY+NJcTlFByY1WcM6dF5ZC4kIZtZ8b3A9kRVAj8Y=
github.com/aws/aws-cryptographic-material-providers-library/releases/go/smithy-dafny-standard-library v0.2.2/go.mod h1:j4QF5oVY9L1yNZrzoDu3l3d8TRh53uBw3FLZCL7xCTk=
github.com/aws/aws-sdk-go-v2 v1.38.1 h1:j7sc33amE74Rz0M/PoCpsZQ6OunLqys/m5antM0J+Z8=
github.com/aws/aws-sdk-go-v2 v1.38.1/go.mod h1:9Q0OoGQoboYIAJyslFyF1f5K1Ryddop8gqMhWx/n4Wg=
github.com/aws/aws-sdk-go-v2/config v1.31.2 h1:NOaSZpVGEH2Np/c1toSeW0jooNl+9ALmsUTZ8YvkJR0=
github.com/aws/aws-sdk-go-v2/config v1.31.2/go.mod h1:17ft42Yb2lF6OigqSYiDAiUcX4RIkEMY6XxEMJsrAes=
github.com/aws/aws-sdk-go-v2/credentials v1.18.6 h1:AmmvNEYrru7sYNJnp3pf57lGbiarX4T9qU/6AZ9SucU=
github.com/aws/aws-sdk-go-v2/credentials v1.18.6/go.mod h1:/jdQkh1iVPa01xndfECInp1v1Wnp70v3K4MvtlLGVEc=
github.com/aws/aws-sdk-go-v2/feature/ec2/imds v1.18.4 h1:lpdMwTzmuDLkgW7086jE94HweHCqG+uOJwHf3LZs7T0=
github.com/aws/aws-sdk-go-v2/feature/ec2/imds v1.18.4/go.mod h1:9xzb8/SV62W6gHQGC/8rrvgNXU6ZoYM3sAIJCIrXJxY=
github.com/aws/aws-sdk-go-v2/internal/configsources v1.4.4 h1:IdCLsiiIj5YJ3AFevsewURCPV+YWUlOW8JiPhoAy8vg=
github.com/aws/aws-sdk-go-v2/internal/configsources v1.4.4/go.mod h1:l4bdfCD7XyyZA9BolKBo1eLqgaJxl0/x91PL4Yqe0ao=
github.com/aws/aws-sdk-go-v2/internal/endpoints/v2 v2.7.4 h1:j7vjtr1YIssWQOMeOWRbh3z8g2oY/xPjnZH2gLY4sGw=
github.com/aws/aws-sdk-go-v2/internal/endpoints/v2 v2.7.4/go.mod h1:yDmJgqOiH4EA8Hndnv4KwAo8jCGTSnM5ASG1nBI+toA=
github.com/aws/aws-sdk-go-v2/internal/ini v1.8.3 h1:bIqFDwgGXXN1Kpp99pDOdKMTTb5d2KyU5X/BZxjOkRo=
github.com/aws/aws-sdk-go-v2/internal/ini v1.8.3/go.mod h1:H5O/EsxDWyU+LP/V8i5sm8cxoZgc2fdNR9bxlOFrQTo=
github.com/aws/aws-sdk-go-v2/service/dynamodb v1.49.1 h1:0RqS5X7EodJzOenoY4V3LUSp9PirELO2ZOpOZbMldco=
github.com/aws/aws-sdk-go-v2/service/dynamodb v1.49.1/go.mod h1:VRp/OeQolnQD9GfNgdSf3kU5vbg708PF6oPHh2bq3hc=
github.com/aws/aws-sdk-go-v2/service/internal/accept-encoding v1.13.0 h1:6+lZi2JeGKtCraAj1rpoZfKqnQ9SptseRZioejfUOLM=
github.com/aws/aws-sdk-go-v2/service/internal/accept-encoding v1.13.0/go.mod h1:eb3gfbVIxIoGgJsi9pGne19dhCBpK6opTYpQqAmdy44=
github.com/aws/aws-sdk-go-v2/service/internal/endpoint-discovery v1.11.4 h1:upi++G3fQCAUBXQe58TbjXmdVPwrqMnRQMThOAIz7KM=
github.com/aws/aws-sdk-go-v2/service/internal/endpoint-discovery v1.11.4/go.mod h1:swb+GqWXTZMOyVV9rVePAUu5L80+X5a+Lui1RNOyUFo=
github.com/aws/aws-sdk-go-v2/service/internal/presigned-url v1.13.4 h1:ueB2Te0NacDMnaC+68za9jLwkjzxGWm0KB5HTUHjLTI=
github.com/aws/aws-sdk-go-v2/service/internal/presigned-url v1.13.4/go.mod h1:nLEfLnVMmLvyIG58/6gsSA03F1voKGaCfHV7+lR8S7s=
github.com/aws/aws-sdk-go-v2/service/kms v1.44.2 h1:yTtMSIGWk8KzPDX2pS9k7wNCPKiNWpiJ9DdB2mCAMzo=
github.com/aws/aws-sdk-go-v2/service/kms v1.44.2/go.mod h1:zgkQ8ige7qtxldA4cGtiXdbql3dBo4TfsP6uQyHwq0E=
github.com/aws/aws-sdk-go-v2/service/sso v1.28.2 h1:ve9dYBB8CfJGTFqcQ3ZLAAb/KXWgYlgu/2R2TZL2Ko0=
github.com/aws/aws-sdk-go-v2/service/sso v1.28.2/go.mod h1:n9bTZFZcBa9hGGqVz3i/a6+NG0zmZgtkB9qVVFDqPA8=
github.com/aws/aws-sdk-go-v2/service/ssooidc v1.33.2 h1:pd9G9HQaM6UZAZh19pYOkpKSQkyQQ9ftnl/LttQOcGI=
github.com/aws/aws-sdk-go-v2/service/ssooidc v1.33.2/go.mod h1:eknndR9rU8UpE/OmFpqU78V1EcXPKFTTm5l/buZYgvM=
github.com/aws/aws-sdk-go-v2/service/sts v1.38.0 h1:iV1Ko4Em/lkJIsoKyGfc0nQySi+v0Udxr6Igq+y9JZc=
github.com/aws/aws-sdk-go-v2/service/sts v1.38.0/go.mod h1:bEPcjW7IbolPfK67G1nilqWyoxYMSPrDiIQ3RdIdKgo=
github.com/aws/smithy-go v1.22.5 h1:P9ATCXPMb2mPjYBgueqJNCA5S9UfktsW0tTxi+a7eqw=
github.com/aws/smithy-go v1.22.5/go.mod h1:t1ufH5HMublsJYulve2RKmHDC15xu1f26kHCp/HgceI=
github.com/dafny-lang/DafnyRuntimeGo/v4 v4.11.0 h1:wJhHuhD9thOc0GXojfW8DJ/n7G8prW+1nUL5O3lvzs0=
github.com/dafny-lang/DafnyRuntimeGo/v4 v4.11.0/go.mod h1:l2Tm4N2DKuq3ljONC2vOATeM9PUpXbIc8SgXdwwqEto=
github.com/davecgh/go-spew v1.1.0/go.mod h1:J7Y8YcW2NihsgmVo/mv3lAwl/skON4iLHjSsI+c5H38=
github.com/davecgh/go-spew v1.1.1 h1:vj9j/u1bqnvCEfJOwUhtlOARqs3+rkHYY13jYWTU97c=
github.com/davecgh/go-spew v1.1.1/go.mod h1:J7Y8YcW2NihsgmVo/mv3lAwl/skON4iLHjSsI+c5H38=
github.com/go-ole/go-ole v1.2.6 h1:/Fpf6oFPoeFik9ty7siob0G6Ke8QvQEuVcuChpwXzpY=
github.com/go-ole/go-ole v1.2.6/go.mod h1:pprOEPIfldk/42T2oK7lQ4v4JSDwmV0As9GaiUsvbm0=
github.com/google/go-cmp v0.5.6/go.mod h1:v8dTdLbMG2kIc/vJvl+f65V22dbkXbowE6jgT/gNBxE=
github.com/google/go-cmp v0.5.9/go.mod h1:17dUlkBOakJ0+DkrSSNjCkIjxS6bF9zb3elmeNGIjoY=
github.com/google/go-cmp v0.6.0 h1:ofyhxvXcZhMsU5ulbFiLKl/XBFqE1GSq7atu8tAmTRI=
github.com/google/go-cmp v0.6.0/go.mod h1:17dUlkBOakJ0+DkrSSNjCkIjxS6bF9zb3elmeNGIjoY=
github.com/google/uuid v1.6.0 h1:NIvaJDMOsjHA8n1jAhLSgzrAzy1Hgr+hNrb57e+94F0=
github.com/google/uuid v1.6.0/go.mod h1:TIyPZe4MgqvfeYDBFedMoGGpEw/LqOeaOT+nhxU+yHo=
github.com/k0kubun/go-ansi v0.0.0-20180517002512-3bf9e2903213/go.mod h1:vNUNkEQ1e29fT/6vq2aBdFsgNPmy8qMdSay1npru+Sw=
github.com/lufia/plan9stats v0.0.0-20211012122336-39d0f177ccd0 h1:6E+4a0GO5zZEnZ81pIr0yLvtUWk2if982qA3F3QD6H4=
github.com/lufia/plan9stats v0.0.0-20211012122336-39d0f177ccd0/go.mod h1:zJYVVT2jmtg6P3p1VtQj7WsuWi/y4VnjVBn7F8KPB3I=
github.com/mattn/go-isatty v0.0.20/go.mod h1:W+V8PltTTMOvKvAeJH7IuucS94S2C6jfK/D7dTCTo3Y=
github.com/mitchellh/colorstring v0.0.0-20190213212951-d06e56a500db h1:62I3jR2EmQ4l5rM/4FEfDWcRD+abF5XlKShorW5LRoQ=
github.com/mitchellh/colorstring v0.0.0-20190213212951-d06e56a500db/go.mod h1:l0dey0ia/Uv7NcFFVbCLtqEBQbrT4OCwCSKTEv6enCw=
github.com/pmezard/go-difflib v1.0.0 h1:4DBwDE0NGyQoBHbLQYPwSUPoCMWR5BEzIk/f1lZbAQM=
github.com/pmezard/go-difflib v1.0.0/go.mod h1:iKH77koFhYxTK1pcRnkKkqfTogsbg7gZNVY4sRDYZ/4=
github.com/power-devops/perfstat v0.0.0-20210106213030-5aafc221ea8c h1:ncq/mPwQF4JjgDlrVEn3C11VoGHZN7m8qihwgMEtzYw=
github.com/power-devops/perfstat v0.0.0-20210106213030-5aafc221ea8c/go.mod h1:OmDBASR4679mdNQnz2pUhc2G8CO2JrUAVFDRBDP/hJE=
github.com/rivo/uniseg v0.4.4 h1:8TfxU8dW6PdqD27gjM8MVNuicgxIjxpm4K7x4jp8sis=
github.com/rivo/uniseg v0.4.4/go.mod h1:FN3SvrM+Zdj16jyLfmOkMNblXMcoc8DfTHruCPUcx88=
github.com/schollz/progressbar/v3 v3.14.1 h1:VD+MJPCr4s3wdhTc7OEJ/Z3dAeBzJ7yKH/P4lC5yRTI=
github.com/schollz/progressbar/v3 v3.14.1/go.mod h1:Zc9xXneTzWXF81TGoqL71u0sBPjULtEHYtj/WVgVy8E=
github.com/shirou/gopsutil/v3 v3.23.12 h1:z90NtUkp3bMtmICZKpC4+WaknU1eXtp5vtbQ11DgpE4=
github.com/shirou/gopsutil/v3 v3.23.12/go.mod h1:1FrWgea594Jp7qmjHUUPlJDTPgcsb9mGnXDxavtikzM=
github.com/shoenig/go-m1cpu v0.1.6/go.mod h1:1JJMcUBvfNwpq05QDQVAnx3gUHr9IYF7GNg9SUEw2VQ=
github.com/shoenig/test v0.6.4/go.mod h1:byHiCGXqrVaflBLAMq/srcZIHynQPQgeyvkvXnjqq0k=
github.com/stretchr/objx v0.1.0/go.mod h1:HFkY916IF+rwdDfMAkV7OtwuqBVzrE8GR6GFx+wExME=
github.com/stretchr/objx v0.4.0/go.mod h1:YvHI0jy2hoMjB+UWwv71VJQ9isScKT/TqJzVSSt89Yw=
github.com/stretchr/objx v0.5.0/go.mod h1:Yh+to48EsGEfYuaHDzXPcE3xhTkx73EhmCGUpEOglKo=
github.com/stretchr/testify v1.3.0/go.mod h1:M5WIy9Dh21IEIfnGCwXGc5bZfKNJtfHm1UVUgZn+9EI=
github.com/stretchr/testify v1.7.1/go.mod h1:6Fq8oRcR53rry900zMqJjRRixrwX3KX962/h/Wwjteg=
github.com/stretchr/testify v1.8.0/go.mod h1:yNjHg4UonilssWZ8iaSj1OCr/vHnekPRkoO+kdMU+MU=
github.com/stretchr/testify v1.8.4 h1:CcVxjf3Q8PM0mHUKJCdn+eZZtm5yQwehR5yeSVQQcUk=
github.com/stretchr/testify v1.8.4/go.mod h1:sz/lmYIOXD/1dqDmKjjqLyZ2RngseejIcXlSw2iwfAo=
github.com/tklauser/go-sysconf v0.3.12 h1:0QaGUFOdQaIVdPgfITYzaTegZvdCjmYO52cSFAEVmqU=
github.com/tklauser/go-sysconf v0.3.12/go.mod h1:Ho14jnntGE1fpdOqQEEaiKRpvIavV0hSfmBq8nJbHYI=
github.com/tklauser/numcpus v0.6.1 h1:ng9scYS7az0Bk4OZLvrNXNSAO2Pxr1XXRAPyjhIx+Fk=
github.com/tklauser/numcpus v0.6.1/go.mod h1:1XfjsgE2zo8GVw7POkMbHENHzVg3GzmoZ9fESEdAacY=
github.com/yusufpapurcu/wmi v1.2.3 h1:E1ctvB7uKFMOJw3fdOW32DwGE9I7t++CRUEMKvFoFiw=
github.com/yusufpapurcu/wmi v1.2.3/go.mod h1:SBZ9tNy3G9/m5Oi98Zks0QjeHVDvuK0qfxQmPyzfmi0=
golang.org/x/sys v0.0.0-20190916202348-b4ddaad3f8a3/go.mod h1:h1NjWce9XRLGQEsW7wpKNCjG9DtNlClVuFLEZdDNbEs=
golang.org/x/sys v0.0.0-20201204225414-ed752295db88/go.mod h1:h1NjWce9XRLGQEsW7wpKNCjG9DtNlClVuFLEZdDNbEs=
golang.org/x/sys v0.6.0/go.mod h1:oPkhp1MJrh7nUepCBck5+mAzfO9JrbApNNgaTdGDITg=
golang.org/x/sys v0.8.0/go.mod h1:oPkhp1MJrh7nUepCBck5+mAzfO9JrbApNNgaTdGDITg=
golang.org/x/sys v0.11.0/go.mod h1:oPkhp1MJrh7nUepCBck5+mAzfO9JrbApNNgaTdGDITg=
golang.org/x/sys v0.14.0/go.mod h1:/VUhepiaJMQUp4+oa/7Zr1D23ma6VTLIYjOOTFZPUcA=
golang.org/x/sys v0.15.0 h1:h48lPFYpsTvQJZF4EKyI4aLHaev3CxivZmv7yZig9pc=
golang.org/x/sys v0.15.0/go.mod h1:/VUhepiaJMQUp4+oa/7Zr1D23ma6VTLIYjOOTFZPUcA=
golang.org/x/term v0.14.0 h1:LGK9IlZ8T9jvdy6cTdfKUCltatMFOehAQo9SRC46UQ8=
golang.org/x/term v0.14.0/go.mod h1:TySc+nGkYR6qt8km8wUhuFRTVSMIX3XPR58y2lC8vww=
golang.org/x/xerrors v0.0.0-20191204190536-9bdfabe68543/go.mod h1:I/5z698sn9Ka8TeJc9MKroUUfqBBauWjQqLJ2OPfmY0=
gopkg.in/check.v1 v0.0.0-20161208181325-20d25e280405 h1:yhCVgyC4o1eVCa2tZl7eS0r+SDo693bJlVdllGtEeKM=
gopkg.in/check.v1 v0.0.0-20161208181325-20d25e280405/go.mod h1:Co6ibVJAznAaIkqp8huTwlJQCZ016jof/cbN4VW5Yz0=
gopkg.in/yaml.v3 v3.0.0-20200313102051-9f266ea9e77c/go.mod h1:K4uyk7z7BCEPqu6E+C64Yfv1cQ7kz7rIZviUmN+EgEM=
gopkg.in/yaml.v3 v3.0.1 h1:fxVm/GzAzEWqLHuvctI91KS9hhNmmWOoWu0XTYJS7CA=
gopkg.in/yaml.v3 v3.0.1/go.mod h1:K4uyk7z7BCEPqu6E+C64Yfv1cQ7kz7rIZviUmN+EgEM=
