github.com/aws/aws-cryptographic-material-providers-library/releases/go/dynamodb v0.2.1 h1:nvrlDo1EddNCFknnyaW7s49P4Vwjgbm1VT13Mh87+D0=
github.com/aws/aws-cryptographic-material-providers-library/releases/go/dynamodb v0.2.1/go.mod h1:lZ/LN+rINEWvrfRItZoMNYPp6nTx/iZLIlXYq5yvWvA=
github.com/aws/aws-cryptographic-material-providers-library/releases/go/kms v0.2.1 h1:GHba7vmqUvFOLhQvpzfE9KCh2oIOn/nQaN5Xu2rY1Ac=
github.com/aws/aws-cryptographic-material-providers-library/releases/go/kms v0.2.1/go.mod h1:Rh8pLBW83043mr0GMCE5k68x7Gm/zMBtcWBuGFrsleM=
github.com/aws/aws-cryptographic-material-providers-library/releases/go/mpl v0.2.1 h1:TzZdNan/tjcDnwaiVwiR90t/iOohfQGdW5z5JyicBI0=
github.com/aws/aws-cryptographic-material-providers-library/releases/go/mpl v0.2.1/go.mod h1:d6R+lhtZXMkqsAuZ9zqNVZk3iXOYwVjxhBYQI3yr7OQ=
github.com/aws/aws-cryptographic-material-providers-library/releases/go/primitives v0.2.1 h1:TAIxapsLa/vJVrDyVM9R/+wuFWYdnyjfe/N9lvn5yFc=
github.com/aws/aws-cryptographic-material-providers-library/releases/go/primitives v0.2.1/go.mod h1:Uj8qJSU7Bx4YHEv0Up8J91Dh9TU0ggFnpAWLAbiFx+k=
github.com/aws/aws-cryptographic-material-providers-library/releases/go/smithy-dafny-standard-library v0.2.1 h1:KShsiDfiiFa2A4UBh81BfiBMnNBIkelql7filQw6kfQ=
github.com/aws/aws-cryptographic-material-providers-library/releases/go/smithy-dafny-standard-library v0.2.1/go.mod h1:j4QF5oVY9L1yNZrzoDu3l3d8TRh53uBw3FLZCL7xCTk=
github.com/aws/aws-sdk-go-v2 v1.38.0 h1:UCRQ5mlqcFk9HJDIqENSLR3wiG1VTWlyUfLDEvY7RxU=
github.com/aws/aws-sdk-go-v2 v1.38.0/go.mod h1:9Q0OoGQoboYIAJyslFyF1f5K1Ryddop8gqMhWx/n4Wg=
github.com/aws/aws-sdk-go-v2/config v1.31.0 h1:9yH0xiY5fUnVNLRWO0AtayqwU1ndriZdN78LlhruJR4=
github.com/aws/aws-sdk-go-v2/config v1.31.0/go.mod h1:VeV3K72nXnhbe4EuxxhzsDc/ByrCSlZwUnWH52Nde/I=
github.com/aws/aws-sdk-go-v2/credentials v1.18.4 h1:IPd0Algf1b+Qy9BcDp0sCUcIWdCQPSzDoMK3a8pcbUM=
github.com/aws/aws-sdk-go-v2/credentials v1.18.4/go.mod h1:nwg78FjH2qvsRM1EVZlX9WuGUJOL5od+0qvm0adEzHk=
github.com/aws/aws-sdk-go-v2/feature/ec2/imds v1.18.3 h1:GicIdnekoJsjq9wqnvyi2elW6CGMSYKhdozE7/Svh78=
github.com/aws/aws-sdk-go-v2/feature/ec2/imds v1.18.3/go.mod h1:R7BIi6WNC5mc1kfRM7XM/VHC3uRWkjc396sfabq4iOo=
github.com/aws/aws-sdk-go-v2/internal/configsources v1.4.3 h1:o9RnO+YZ4X+kt5Z7Nvcishlz0nksIt2PIzDglLMP0vA=
github.com/aws/aws-sdk-go-v2/internal/configsources v1.4.3/go.mod h1:+6aLJzOG1fvMOyzIySYjOFjcguGvVRL68R+uoRencN4=
github.com/aws/aws-sdk-go-v2/internal/endpoints/v2 v2.7.3 h1:joyyUFhiTQQmVK6ImzNU9TQSNRNeD9kOklqTzyk5v6s=
github.com/aws/aws-sdk-go-v2/internal/endpoints/v2 v2.7.3/go.mod h1:+vNIyZQP3b3B1tSLI0lxvrU9cfM7gpdRXMFfm67ZcPc=
github.com/aws/aws-sdk-go-v2/internal/ini v1.8.3 h1:bIqFDwgGXXN1Kpp99pDOdKMTTb5d2KyU5X/BZxjOkRo=
github.com/aws/aws-sdk-go-v2/internal/ini v1.8.3/go.mod h1:H5O/EsxDWyU+LP/V8i5sm8cxoZgc2fdNR9bxlOFrQTo=
github.com/aws/aws-sdk-go-v2/service/dynamodb v1.47.0 h1:A5zeikrrAgz3YtNzhMat4K8hK/CFzOjFKLVk8pI7Cz8=
github.com/aws/aws-sdk-go-v2/service/dynamodb v1.47.0/go.mod h1:tMQ/Edfn5xLcBFSVd3JDreJPias8GqBq0dVbCbMz9vs=
github.com/aws/aws-sdk-go-v2/service/internal/accept-encoding v1.13.0 h1:6+lZi2JeGKtCraAj1rpoZfKqnQ9SptseRZioejfUOLM=
github.com/aws/aws-sdk-go-v2/service/internal/accept-encoding v1.13.0/go.mod h1:eb3gfbVIxIoGgJsi9pGne19dhCBpK6opTYpQqAmdy44=
github.com/aws/aws-sdk-go-v2/service/internal/endpoint-discovery v1.11.3 h1:xMmJPUT0G1q9+I0mzH4B6oN9fB5PkDoD+jvpVIcom1I=
github.com/aws/aws-sdk-go-v2/service/internal/endpoint-discovery v1.11.3/go.mod h1:U0JFMTY/gPxV07XTXXz152nX0Hg1eBenzyslKF2j4j4=
github.com/aws/aws-sdk-go-v2/service/internal/presigned-url v1.13.3 h1:ieRzyHXypu5ByllM7Sp4hC5f/1Fy5wqxqY0yB85hC7s=
github.com/aws/aws-sdk-go-v2/service/internal/presigned-url v1.13.3/go.mod h1:O5ROz8jHiOAKAwx179v+7sHMhfobFVi6nZt8DEyiYoM=
github.com/aws/aws-sdk-go-v2/service/kms v1.44.0 h1:Z95XCqqSnwXr0AY7PgsiOUBhUG2GoDM5getw6RfD1Lg=
github.com/aws/aws-sdk-go-v2/service/kms v1.44.0/go.mod h1:DqcSngL7jJeU1fOzh5Ll5rSvX/MlMV6OZlE4mVdFAQc=
github.com/aws/aws-sdk-go-v2/service/sso v1.28.0 h1:Mc/MKBf2m4VynyJkABoVEN+QzkfLqGj0aiJuEe7cMeM=
github.com/aws/aws-sdk-go-v2/service/sso v1.28.0/go.mod h1:iS5OmxEcN4QIPXARGhavH7S8kETNL11kym6jhoS7IUQ=
github.com/aws/aws-sdk-go-v2/service/ssooidc v1.33.0 h1:6csaS/aJmqZQbKhi1EyEMM7yBW653Wy/B9hnBofW+sw=
github.com/aws/aws-sdk-go-v2/service/ssooidc v1.33.0/go.mod h1:59qHWaY5B+Rs7HGTuVGaC32m0rdpQ68N8QCN3khYiqs=
github.com/aws/aws-sdk-go-v2/service/sts v1.37.0 h1:MG9VFW43M4A8BYeAfaJJZWrroinxeTi2r3+SnmLQfSA=
github.com/aws/aws-sdk-go-v2/service/sts v1.37.0/go.mod h1:JdeBDPgpJfuS6rU/hNglmOigKhyEZtBmbraLE4GK1J8=
github.com/aws/smithy-go v1.22.5 h1:P9ATCXPMb2mPjYBgueqJNCA5S9UfktsW0tTxi+a7eqw=
github.com/aws/smithy-go v1.22.5/go.mod h1:t1ufH5HMublsJYulve2RKmHDC15xu1f26kHCp/HgceI=
github.com/dafny-lang/DafnyRuntimeGo/v4 v4.10.1 h1:QyrSST4WJYQIXRSJNXFEwL1NIoA9bgirUHK8YwGoWkA=
github.com/dafny-lang/DafnyRuntimeGo/v4 v4.10.1/go.mod h1:l2Tm4N2DKuq3ljONC2vOATeM9PUpXbIc8SgXdwwqEto=
github.com/google/uuid v1.6.0 h1:NIvaJDMOsjHA8n1jAhLSgzrAzy1Hgr+hNrb57e+94F0=
github.com/google/uuid v1.6.0/go.mod h1:TIyPZe4MgqvfeYDBFedMoGGpEw/LqOeaOT+nhxU+yHo=
